// !$*UTF8*$!
{
	archiveVersion = 1;
	classes = {
	};
	objectVersion = 46;
	objects = {

/* Begin PBXBuildFile section */
		0208F7C81E6F2CF9009FB2A4 /* TeamMemberTableViewCell.swift in Sources */ = {isa = PBXBuildFile; fileRef = 0208F7C71E6F2CF9009FB2A4 /* TeamMemberTableViewCell.swift */; };
		0208F7CE1E6F3DE2009FB2A4 /* TeamMemberTableViewController.swift in Sources */ = {isa = PBXBuildFile; fileRef = 0208F7CD1E6F3DE2009FB2A4 /* TeamMemberTableViewController.swift */; };
		0208F7D01E6F4101009FB2A4 /* Member.swift in Sources */ = {isa = PBXBuildFile; fileRef = 0208F7CF1E6F4101009FB2A4 /* Member.swift */; };
		0208F7D21E6F8C77009FB2A4 /* CompetitionTableViewController.swift in Sources */ = {isa = PBXBuildFile; fileRef = 0208F7D11E6F8C77009FB2A4 /* CompetitionTableViewController.swift */; };
		0208F7D41E7021BD009FB2A4 /* TeamNameViewController.swift in Sources */ = {isa = PBXBuildFile; fileRef = 0208F7D31E7021BD009FB2A4 /* TeamNameViewController.swift */; };
		2B19DA51EFD5A22B4DF25CBF /* Pods_FitSquad.framework in Frameworks */ = {isa = PBXBuildFile; fileRef = 70994FE58AE7F7D3B966D4FB /* Pods_FitSquad.framework */; };
		CCB094681E48109F002A099D /* GoogleService-Info.plist in Resources */ = {isa = PBXBuildFile; fileRef = CCB094671E48109E002A099D /* GoogleService-Info.plist */; };
		CCB094691E48109F002A099D /* GoogleService-Info.plist in Resources */ = {isa = PBXBuildFile; fileRef = CCB094671E48109E002A099D /* GoogleService-Info.plist */; };
		CCB0946A1E48109F002A099D /* GoogleService-Info.plist in Resources */ = {isa = PBXBuildFile; fileRef = CCB094671E48109E002A099D /* GoogleService-Info.plist */; };
		CD1079FB1E6CFBFC000A0394 /* LoginViewController.swift in Sources */ = {isa = PBXBuildFile; fileRef = CD1079FA1E6CFBFC000A0394 /* LoginViewController.swift */; };
		CD3220491E354C1800CFB952 /* AppDelegate.swift in Sources */ = {isa = PBXBuildFile; fileRef = CD3220481E354C1800CFB952 /* AppDelegate.swift */; };
		CD32204B1E354C1800CFB952 /* HomeViewController.swift in Sources */ = {isa = PBXBuildFile; fileRef = CD32204A1E354C1800CFB952 /* HomeViewController.swift */; };
		CD32204E1E354C1800CFB952 /* Main.storyboard in Resources */ = {isa = PBXBuildFile; fileRef = CD32204C1E354C1800CFB952 /* Main.storyboard */; };
		CD3220501E354C1800CFB952 /* Assets.xcassets in Resources */ = {isa = PBXBuildFile; fileRef = CD32204F1E354C1800CFB952 /* Assets.xcassets */; };
		CD3220531E354C1800CFB952 /* LaunchScreen.storyboard in Resources */ = {isa = PBXBuildFile; fileRef = CD3220511E354C1800CFB952 /* LaunchScreen.storyboard */; };
		CD32205E1E354C1800CFB952 /* FitSquadTests.swift in Sources */ = {isa = PBXBuildFile; fileRef = CD32205D1E354C1800CFB952 /* FitSquadTests.swift */; };
		CD3220691E354C1800CFB952 /* FitSquadUITests.swift in Sources */ = {isa = PBXBuildFile; fileRef = CD3220681E354C1800CFB952 /* FitSquadUITests.swift */; };
		CD5711701E6B6318000DE7F1 /* CameraViewController.swift in Sources */ = {isa = PBXBuildFile; fileRef = CD57116F1E6B6318000DE7F1 /* CameraViewController.swift */; };
		CD5711721E6B6333000DE7F1 /* ProfileViewController.swift in Sources */ = {isa = PBXBuildFile; fileRef = CD5711711E6B6333000DE7F1 /* ProfileViewController.swift */; };
		CD74D8CD1E6FAA7E000E448F /* PickTeamTableViewController.swift in Sources */ = {isa = PBXBuildFile; fileRef = CD74D8CC1E6FAA7D000E448F /* PickTeamTableViewController.swift */; };
		CD74D8CF1E70095F000E448F /* FriendTableViewCell.swift in Sources */ = {isa = PBXBuildFile; fileRef = CD74D8CE1E70095F000E448F /* FriendTableViewCell.swift */; };
		DB274E0EAECA6EC64D680C52 /* Pods_FitSquadUITests.framework in Frameworks */ = {isa = PBXBuildFile; fileRef = 4F20CECD9EA5C1C4F32EEEED /* Pods_FitSquadUITests.framework */; };
		EB81DC7DA64CBF52C26F8184 /* Pods_FitSquadTests.framework in Frameworks */ = {isa = PBXBuildFile; fileRef = E2E93F56545F5213F618FA7E /* Pods_FitSquadTests.framework */; };
/* End PBXBuildFile section */

/* Begin PBXContainerItemProxy section */
		CD32205A1E354C1800CFB952 /* PBXContainerItemProxy */ = {
			isa = PBXContainerItemProxy;
			containerPortal = CD32203D1E354C1800CFB952 /* Project object */;
			proxyType = 1;
			remoteGlobalIDString = CD3220441E354C1800CFB952;
			remoteInfo = FitSquad;
		};
		CD3220651E354C1800CFB952 /* PBXContainerItemProxy */ = {
			isa = PBXContainerItemProxy;
			containerPortal = CD32203D1E354C1800CFB952 /* Project object */;
			proxyType = 1;
			remoteGlobalIDString = CD3220441E354C1800CFB952;
			remoteInfo = FitSquad;
		};
/* End PBXContainerItemProxy section */

/* Begin PBXFileReference section */
		0208F7C71E6F2CF9009FB2A4 /* TeamMemberTableViewCell.swift */ = {isa = PBXFileReference; fileEncoding = 4; lastKnownFileType = sourcecode.swift; path = TeamMemberTableViewCell.swift; sourceTree = "<group>"; };
		0208F7CD1E6F3DE2009FB2A4 /* TeamMemberTableViewController.swift */ = {isa = PBXFileReference; fileEncoding = 4; lastKnownFileType = sourcecode.swift; path = TeamMemberTableViewController.swift; sourceTree = "<group>"; };
		0208F7CF1E6F4101009FB2A4 /* Member.swift */ = {isa = PBXFileReference; fileEncoding = 4; lastKnownFileType = sourcecode.swift; path = Member.swift; sourceTree = "<group>"; };
		0208F7D11E6F8C77009FB2A4 /* CompetitionTableViewController.swift */ = {isa = PBXFileReference; fileEncoding = 4; lastKnownFileType = sourcecode.swift; path = CompetitionTableViewController.swift; sourceTree = "<group>"; };
		0208F7D31E7021BD009FB2A4 /* TeamNameViewController.swift */ = {isa = PBXFileReference; fileEncoding = 4; lastKnownFileType = sourcecode.swift; path = TeamNameViewController.swift; sourceTree = "<group>"; };
		2491068E45530A99A38A1DD7 /* Pods-FitSquad.debug.xcconfig */ = {isa = PBXFileReference; includeInIndex = 1; lastKnownFileType = text.xcconfig; name = "Pods-FitSquad.debug.xcconfig"; path = "Pods/Target Support Files/Pods-FitSquad/Pods-FitSquad.debug.xcconfig"; sourceTree = "<group>"; };
		4F20CECD9EA5C1C4F32EEEED /* Pods_FitSquadUITests.framework */ = {isa = PBXFileReference; explicitFileType = wrapper.framework; includeInIndex = 0; path = Pods_FitSquadUITests.framework; sourceTree = BUILT_PRODUCTS_DIR; };
		6835865E4B34329A35820075 /* Pods-FitSquadUITests.debug.xcconfig */ = {isa = PBXFileReference; includeInIndex = 1; lastKnownFileType = text.xcconfig; name = "Pods-FitSquadUITests.debug.xcconfig"; path = "Pods/Target Support Files/Pods-FitSquadUITests/Pods-FitSquadUITests.debug.xcconfig"; sourceTree = "<group>"; };
		70994FE58AE7F7D3B966D4FB /* Pods_FitSquad.framework */ = {isa = PBXFileReference; explicitFileType = wrapper.framework; includeInIndex = 0; path = Pods_FitSquad.framework; sourceTree = BUILT_PRODUCTS_DIR; };
		79D247AFB310B9139D095A48 /* Pods-FitSquadTests.release.xcconfig */ = {isa = PBXFileReference; includeInIndex = 1; lastKnownFileType = text.xcconfig; name = "Pods-FitSquadTests.release.xcconfig"; path = "Pods/Target Support Files/Pods-FitSquadTests/Pods-FitSquadTests.release.xcconfig"; sourceTree = "<group>"; };
		7ECA2EF030B5FB9D51E25A5A /* Pods-FitSquadTests.debug.xcconfig */ = {isa = PBXFileReference; includeInIndex = 1; lastKnownFileType = text.xcconfig; name = "Pods-FitSquadTests.debug.xcconfig"; path = "Pods/Target Support Files/Pods-FitSquadTests/Pods-FitSquadTests.debug.xcconfig"; sourceTree = "<group>"; };
		B9547A972FD8AFCAC0C48F8A /* Pods-FitSquadUITests.release.xcconfig */ = {isa = PBXFileReference; includeInIndex = 1; lastKnownFileType = text.xcconfig; name = "Pods-FitSquadUITests.release.xcconfig"; path = "Pods/Target Support Files/Pods-FitSquadUITests/Pods-FitSquadUITests.release.xcconfig"; sourceTree = "<group>"; };
		CCB094671E48109E002A099D /* GoogleService-Info.plist */ = {isa = PBXFileReference; fileEncoding = 4; lastKnownFileType = text.plist.xml; path = "GoogleService-Info.plist"; sourceTree = "<group>"; };
		CD1079FA1E6CFBFC000A0394 /* LoginViewController.swift */ = {isa = PBXFileReference; fileEncoding = 4; lastKnownFileType = sourcecode.swift; path = LoginViewController.swift; sourceTree = "<group>"; };
		CD3220451E354C1800CFB952 /* FitSquad.app */ = {isa = PBXFileReference; explicitFileType = wrapper.application; includeInIndex = 0; path = FitSquad.app; sourceTree = BUILT_PRODUCTS_DIR; };
		CD3220481E354C1800CFB952 /* AppDelegate.swift */ = {isa = PBXFileReference; lastKnownFileType = sourcecode.swift; path = AppDelegate.swift; sourceTree = "<group>"; };
		CD32204A1E354C1800CFB952 /* HomeViewController.swift */ = {isa = PBXFileReference; lastKnownFileType = sourcecode.swift; path = HomeViewController.swift; sourceTree = "<group>"; };
		CD32204D1E354C1800CFB952 /* Base */ = {isa = PBXFileReference; lastKnownFileType = file.storyboard; name = Base; path = Base.lproj/Main.storyboard; sourceTree = "<group>"; };
		CD32204F1E354C1800CFB952 /* Assets.xcassets */ = {isa = PBXFileReference; lastKnownFileType = folder.assetcatalog; path = Assets.xcassets; sourceTree = "<group>"; };
		CD3220521E354C1800CFB952 /* Base */ = {isa = PBXFileReference; lastKnownFileType = file.storyboard; name = Base; path = Base.lproj/LaunchScreen.storyboard; sourceTree = "<group>"; };
		CD3220541E354C1800CFB952 /* Info.plist */ = {isa = PBXFileReference; lastKnownFileType = text.plist.xml; path = Info.plist; sourceTree = "<group>"; };
		CD3220591E354C1800CFB952 /* FitSquadTests.xctest */ = {isa = PBXFileReference; explicitFileType = wrapper.cfbundle; includeInIndex = 0; path = FitSquadTests.xctest; sourceTree = BUILT_PRODUCTS_DIR; };
		CD32205D1E354C1800CFB952 /* FitSquadTests.swift */ = {isa = PBXFileReference; lastKnownFileType = sourcecode.swift; path = FitSquadTests.swift; sourceTree = "<group>"; };
		CD32205F1E354C1800CFB952 /* Info.plist */ = {isa = PBXFileReference; lastKnownFileType = text.plist.xml; path = Info.plist; sourceTree = "<group>"; };
		CD3220641E354C1800CFB952 /* FitSquadUITests.xctest */ = {isa = PBXFileReference; explicitFileType = wrapper.cfbundle; includeInIndex = 0; path = FitSquadUITests.xctest; sourceTree = BUILT_PRODUCTS_DIR; };
		CD3220681E354C1800CFB952 /* FitSquadUITests.swift */ = {isa = PBXFileReference; lastKnownFileType = sourcecode.swift; path = FitSquadUITests.swift; sourceTree = "<group>"; };
		CD32206A1E354C1800CFB952 /* Info.plist */ = {isa = PBXFileReference; lastKnownFileType = text.plist.xml; path = Info.plist; sourceTree = "<group>"; };
		CD57116F1E6B6318000DE7F1 /* CameraViewController.swift */ = {isa = PBXFileReference; fileEncoding = 4; lastKnownFileType = sourcecode.swift; path = CameraViewController.swift; sourceTree = "<group>"; };
		CD5711711E6B6333000DE7F1 /* ProfileViewController.swift */ = {isa = PBXFileReference; fileEncoding = 4; lastKnownFileType = sourcecode.swift; path = ProfileViewController.swift; sourceTree = "<group>"; };
		CD57117D1E6B6CCA000DE7F1 /* Bolts.framework */ = {isa = PBXFileReference; lastKnownFileType = wrapper.framework; name = Bolts.framework; path = "../../../../../Downloads/FacebookSDKs-iOS-4.20.0/Bolts.framework"; sourceTree = "<group>"; };
		CD57117E1E6B6CCA000DE7F1 /* FBSDKCoreKit.framework */ = {isa = PBXFileReference; lastKnownFileType = wrapper.framework; name = FBSDKCoreKit.framework; path = "../../../../../Downloads/FacebookSDKs-iOS-4.20.0/FBSDKCoreKit.framework"; sourceTree = "<group>"; };
		CD57117F1E6B6CCA000DE7F1 /* FBSDKLoginKit.framework */ = {isa = PBXFileReference; lastKnownFileType = wrapper.framework; name = FBSDKLoginKit.framework; path = "../../../../../Downloads/FacebookSDKs-iOS-4.20.0/FBSDKLoginKit.framework"; sourceTree = "<group>"; };
		CD5711801E6B6CCA000DE7F1 /* FBSDKShareKit.framework */ = {isa = PBXFileReference; lastKnownFileType = wrapper.framework; name = FBSDKShareKit.framework; path = "../../../../../Downloads/FacebookSDKs-iOS-4.20.0/FBSDKShareKit.framework"; sourceTree = "<group>"; };
		CD74D8CB1E6F38E9000E448F /* FitSquad.entitlements */ = {isa = PBXFileReference; lastKnownFileType = text.plist.entitlements; path = FitSquad.entitlements; sourceTree = "<group>"; };
		CD74D8CC1E6FAA7D000E448F /* PickTeamTableViewController.swift */ = {isa = PBXFileReference; fileEncoding = 4; lastKnownFileType = sourcecode.swift; path = PickTeamTableViewController.swift; sourceTree = "<group>"; };
		CD74D8CE1E70095F000E448F /* FriendTableViewCell.swift */ = {isa = PBXFileReference; fileEncoding = 4; lastKnownFileType = sourcecode.swift; path = FriendTableViewCell.swift; sourceTree = "<group>"; };
		E2E93F56545F5213F618FA7E /* Pods_FitSquadTests.framework */ = {isa = PBXFileReference; explicitFileType = wrapper.framework; includeInIndex = 0; path = Pods_FitSquadTests.framework; sourceTree = BUILT_PRODUCTS_DIR; };
		FB2EE4A283D551CBCB021844 /* Pods-FitSquad.release.xcconfig */ = {isa = PBXFileReference; includeInIndex = 1; lastKnownFileType = text.xcconfig; name = "Pods-FitSquad.release.xcconfig"; path = "Pods/Target Support Files/Pods-FitSquad/Pods-FitSquad.release.xcconfig"; sourceTree = "<group>"; };
/* End PBXFileReference section */

/* Begin PBXFrameworksBuildPhase section */
		CD3220421E354C1800CFB952 /* Frameworks */ = {
			isa = PBXFrameworksBuildPhase;
			buildActionMask = 2147483647;
			files = (
				2B19DA51EFD5A22B4DF25CBF /* Pods_FitSquad.framework in Frameworks */,
			);
			runOnlyForDeploymentPostprocessing = 0;
		};
		CD3220561E354C1800CFB952 /* Frameworks */ = {
			isa = PBXFrameworksBuildPhase;
			buildActionMask = 2147483647;
			files = (
				EB81DC7DA64CBF52C26F8184 /* Pods_FitSquadTests.framework in Frameworks */,
			);
			runOnlyForDeploymentPostprocessing = 0;
		};
		CD3220611E354C1800CFB952 /* Frameworks */ = {
			isa = PBXFrameworksBuildPhase;
			buildActionMask = 2147483647;
			files = (
				DB274E0EAECA6EC64D680C52 /* Pods_FitSquadUITests.framework in Frameworks */,
			);
			runOnlyForDeploymentPostprocessing = 0;
		};
/* End PBXFrameworksBuildPhase section */

/* Begin PBXGroup section */
		2419C04D342763ECFE082FDC /* Pods */ = {
			isa = PBXGroup;
			children = (
				2491068E45530A99A38A1DD7 /* Pods-FitSquad.debug.xcconfig */,
				FB2EE4A283D551CBCB021844 /* Pods-FitSquad.release.xcconfig */,
				7ECA2EF030B5FB9D51E25A5A /* Pods-FitSquadTests.debug.xcconfig */,
				79D247AFB310B9139D095A48 /* Pods-FitSquadTests.release.xcconfig */,
				6835865E4B34329A35820075 /* Pods-FitSquadUITests.debug.xcconfig */,
				B9547A972FD8AFCAC0C48F8A /* Pods-FitSquadUITests.release.xcconfig */,
			);
			name = Pods;
			sourceTree = "<group>";
		};
		CD32203C1E354C1800CFB952 = {
			isa = PBXGroup;
			children = (
				CD3220471E354C1800CFB952 /* FitSquad */,
				CD32205C1E354C1800CFB952 /* FitSquadTests */,
				CD3220671E354C1800CFB952 /* FitSquadUITests */,
				CD3220461E354C1800CFB952 /* Products */,
				2419C04D342763ECFE082FDC /* Pods */,
				F1DE49F606E52822E636BCFE /* Frameworks */,
			);
			sourceTree = "<group>";
		};
		CD3220461E354C1800CFB952 /* Products */ = {
			isa = PBXGroup;
			children = (
				CD3220451E354C1800CFB952 /* FitSquad.app */,
				CD3220591E354C1800CFB952 /* FitSquadTests.xctest */,
				CD3220641E354C1800CFB952 /* FitSquadUITests.xctest */,
			);
			name = Products;
			sourceTree = "<group>";
		};
		CD3220471E354C1800CFB952 /* FitSquad */ = {
			isa = PBXGroup;
			children = (
				CD74D8CB1E6F38E9000E448F /* FitSquad.entitlements */,
				CD3220481E354C1800CFB952 /* AppDelegate.swift */,
				CD1079FA1E6CFBFC000A0394 /* LoginViewController.swift */,
				CD32204A1E354C1800CFB952 /* HomeViewController.swift */,
				0208F7D11E6F8C77009FB2A4 /* CompetitionTableViewController.swift */,
				0208F7CF1E6F4101009FB2A4 /* Member.swift */,
				0208F7C71E6F2CF9009FB2A4 /* TeamMemberTableViewCell.swift */,
				0208F7CD1E6F3DE2009FB2A4 /* TeamMemberTableViewController.swift */,
				CD57116F1E6B6318000DE7F1 /* CameraViewController.swift */,
				CD5711711E6B6333000DE7F1 /* ProfileViewController.swift */,
				0208F7D31E7021BD009FB2A4 /* TeamNameViewController.swift */,
				CD74D8CC1E6FAA7D000E448F /* PickTeamTableViewController.swift */,
				CD74D8CE1E70095F000E448F /* FriendTableViewCell.swift */,
				CD32204C1E354C1800CFB952 /* Main.storyboard */,
				CD32204F1E354C1800CFB952 /* Assets.xcassets */,
				CD3220511E354C1800CFB952 /* LaunchScreen.storyboard */,
				CCB094671E48109E002A099D /* GoogleService-Info.plist */,
				CD3220541E354C1800CFB952 /* Info.plist */,
			);
			path = FitSquad;
			sourceTree = "<group>";
		};
		CD32205C1E354C1800CFB952 /* FitSquadTests */ = {
			isa = PBXGroup;
			children = (
				CD32205D1E354C1800CFB952 /* FitSquadTests.swift */,
				CD32205F1E354C1800CFB952 /* Info.plist */,
			);
			path = FitSquadTests;
			sourceTree = "<group>";
		};
		CD3220671E354C1800CFB952 /* FitSquadUITests */ = {
			isa = PBXGroup;
			children = (
				CD3220681E354C1800CFB952 /* FitSquadUITests.swift */,
				CD32206A1E354C1800CFB952 /* Info.plist */,
			);
			path = FitSquadUITests;
			sourceTree = "<group>";
		};
		F1DE49F606E52822E636BCFE /* Frameworks */ = {
			isa = PBXGroup;
			children = (
				CD57117D1E6B6CCA000DE7F1 /* Bolts.framework */,
				CD57117E1E6B6CCA000DE7F1 /* FBSDKCoreKit.framework */,
				CD57117F1E6B6CCA000DE7F1 /* FBSDKLoginKit.framework */,
				CD5711801E6B6CCA000DE7F1 /* FBSDKShareKit.framework */,
				70994FE58AE7F7D3B966D4FB /* Pods_FitSquad.framework */,
				E2E93F56545F5213F618FA7E /* Pods_FitSquadTests.framework */,
				4F20CECD9EA5C1C4F32EEEED /* Pods_FitSquadUITests.framework */,
			);
			name = Frameworks;
			sourceTree = "<group>";
		};
/* End PBXGroup section */

/* Begin PBXNativeTarget section */
		CD3220441E354C1800CFB952 /* FitSquad */ = {
			isa = PBXNativeTarget;
			buildConfigurationList = CD32206D1E354C1800CFB952 /* Build configuration list for PBXNativeTarget "FitSquad" */;
			buildPhases = (
				7487876253B48C93D1F41AD3 /* [CP] Check Pods Manifest.lock */,
				CD3220411E354C1800CFB952 /* Sources */,
				CD3220421E354C1800CFB952 /* Frameworks */,
				CD3220431E354C1800CFB952 /* Resources */,
				08C160ADBC3C01F00064878F /* [CP] Embed Pods Frameworks */,
				93C530813C2CE8FD18A97C06 /* [CP] Copy Pods Resources */,
			);
			buildRules = (
			);
			dependencies = (
			);
			name = FitSquad;
			productName = FitSquad;
			productReference = CD3220451E354C1800CFB952 /* FitSquad.app */;
			productType = "com.apple.product-type.application";
		};
		CD3220581E354C1800CFB952 /* FitSquadTests */ = {
			isa = PBXNativeTarget;
			buildConfigurationList = CD3220701E354C1800CFB952 /* Build configuration list for PBXNativeTarget "FitSquadTests" */;
			buildPhases = (
				5FE756B557496230E7856B79 /* [CP] Check Pods Manifest.lock */,
				CD3220551E354C1800CFB952 /* Sources */,
				CD3220561E354C1800CFB952 /* Frameworks */,
				CD3220571E354C1800CFB952 /* Resources */,
				66FCD917F410EEF649CB7694 /* [CP] Embed Pods Frameworks */,
				099AE147CDAAEA95C7331E42 /* [CP] Copy Pods Resources */,
			);
			buildRules = (
			);
			dependencies = (
				CD32205B1E354C1800CFB952 /* PBXTargetDependency */,
			);
			name = FitSquadTests;
			productName = FitSquadTests;
			productReference = CD3220591E354C1800CFB952 /* FitSquadTests.xctest */;
			productType = "com.apple.product-type.bundle.unit-test";
		};
		CD3220631E354C1800CFB952 /* FitSquadUITests */ = {
			isa = PBXNativeTarget;
			buildConfigurationList = CD3220731E354C1800CFB952 /* Build configuration list for PBXNativeTarget "FitSquadUITests" */;
			buildPhases = (
				1154AA89779D9E8A926BCBDD /* [CP] Check Pods Manifest.lock */,
				CD3220601E354C1800CFB952 /* Sources */,
				CD3220611E354C1800CFB952 /* Frameworks */,
				CD3220621E354C1800CFB952 /* Resources */,
				1EA1202C8E4B38197BD3286E /* [CP] Embed Pods Frameworks */,
				C66B63A627CAF6671CB84747 /* [CP] Copy Pods Resources */,
			);
			buildRules = (
			);
			dependencies = (
				CD3220661E354C1800CFB952 /* PBXTargetDependency */,
			);
			name = FitSquadUITests;
			productName = FitSquadUITests;
			productReference = CD3220641E354C1800CFB952 /* FitSquadUITests.xctest */;
			productType = "com.apple.product-type.bundle.ui-testing";
		};
/* End PBXNativeTarget section */

/* Begin PBXProject section */
		CD32203D1E354C1800CFB952 /* Project object */ = {
			isa = PBXProject;
			attributes = {
				LastSwiftUpdateCheck = 0820;
				LastUpgradeCheck = 0820;
				ORGANIZATIONNAME = dogdogdog;
				TargetAttributes = {
					CD3220441E354C1800CFB952 = {
						CreatedOnToolsVersion = 8.2.1;
						DevelopmentTeam = K5V84SLLJ7;
						ProvisioningStyle = Automatic;
						SystemCapabilities = {
							com.apple.Keychain = {
								enabled = 1;
							};
						};
					};
					CD3220581E354C1800CFB952 = {
						CreatedOnToolsVersion = 8.2.1;
						ProvisioningStyle = Automatic;
						TestTargetID = CD3220441E354C1800CFB952;
					};
					CD3220631E354C1800CFB952 = {
						CreatedOnToolsVersion = 8.2.1;
						ProvisioningStyle = Automatic;
						TestTargetID = CD3220441E354C1800CFB952;
					};
				};
			};
			buildConfigurationList = CD3220401E354C1800CFB952 /* Build configuration list for PBXProject "FitSquad" */;
			compatibilityVersion = "Xcode 3.2";
			developmentRegion = English;
			hasScannedForEncodings = 0;
			knownRegions = (
				en,
				Base,
			);
			mainGroup = CD32203C1E354C1800CFB952;
			productRefGroup = CD3220461E354C1800CFB952 /* Products */;
			projectDirPath = "";
			projectRoot = "";
			targets = (
				CD3220441E354C1800CFB952 /* FitSquad */,
				CD3220581E354C1800CFB952 /* FitSquadTests */,
				CD3220631E354C1800CFB952 /* FitSquadUITests */,
			);
		};
/* End PBXProject section */

/* Begin PBXResourcesBuildPhase section */
		CD3220431E354C1800CFB952 /* Resources */ = {
			isa = PBXResourcesBuildPhase;
			buildActionMask = 2147483647;
			files = (
				CD3220531E354C1800CFB952 /* LaunchScreen.storyboard in Resources */,
				CCB094681E48109F002A099D /* GoogleService-Info.plist in Resources */,
				CD3220501E354C1800CFB952 /* Assets.xcassets in Resources */,
				CD32204E1E354C1800CFB952 /* Main.storyboard in Resources */,
			);
			runOnlyForDeploymentPostprocessing = 0;
		};
		CD3220571E354C1800CFB952 /* Resources */ = {
			isa = PBXResourcesBuildPhase;
			buildActionMask = 2147483647;
			files = (
				CCB094691E48109F002A099D /* GoogleService-Info.plist in Resources */,
			);
			runOnlyForDeploymentPostprocessing = 0;
		};
		CD3220621E354C1800CFB952 /* Resources */ = {
			isa = PBXResourcesBuildPhase;
			buildActionMask = 2147483647;
			files = (
				CCB0946A1E48109F002A099D /* GoogleService-Info.plist in Resources */,
			);
			runOnlyForDeploymentPostprocessing = 0;
		};
/* End PBXResourcesBuildPhase section */

/* Begin PBXShellScriptBuildPhase section */
		08C160ADBC3C01F00064878F /* [CP] Embed Pods Frameworks */ = {
			isa = PBXShellScriptBuildPhase;
			buildActionMask = 2147483647;
			files = (
			);
			inputPaths = (
			);
			name = "[CP] Embed Pods Frameworks";
			outputPaths = (
			);
			runOnlyForDeploymentPostprocessing = 0;
			shellPath = /bin/sh;
			shellScript = "\"${SRCROOT}/Pods/Target Support Files/Pods-FitSquad/Pods-FitSquad-frameworks.sh\"\n";
			showEnvVarsInLog = 0;
		};
		099AE147CDAAEA95C7331E42 /* [CP] Copy Pods Resources */ = {
			isa = PBXShellScriptBuildPhase;
			buildActionMask = 2147483647;
			files = (
			);
			inputPaths = (
			);
			name = "[CP] Copy Pods Resources";
			outputPaths = (
			);
			runOnlyForDeploymentPostprocessing = 0;
			shellPath = /bin/sh;
			shellScript = "\"${SRCROOT}/Pods/Target Support Files/Pods-FitSquadTests/Pods-FitSquadTests-resources.sh\"\n";
			showEnvVarsInLog = 0;
		};
		1154AA89779D9E8A926BCBDD /* [CP] Check Pods Manifest.lock */ = {
			isa = PBXShellScriptBuildPhase;
			buildActionMask = 2147483647;
			files = (
			);
			inputPaths = (
			);
			name = "[CP] Check Pods Manifest.lock";
			outputPaths = (
			);
			runOnlyForDeploymentPostprocessing = 0;
			shellPath = /bin/sh;
			shellScript = "diff \"${PODS_ROOT}/../Podfile.lock\" \"${PODS_ROOT}/Manifest.lock\" > /dev/null\nif [ $? != 0 ] ; then\n    # print error to STDERR\n    echo \"error: The sandbox is not in sync with the Podfile.lock. Run 'pod install' or update your CocoaPods installation.\" >&2\n    exit 1\nfi\n";
			showEnvVarsInLog = 0;
		};
		1EA1202C8E4B38197BD3286E /* [CP] Embed Pods Frameworks */ = {
			isa = PBXShellScriptBuildPhase;
			buildActionMask = 2147483647;
			files = (
			);
			inputPaths = (
			);
			name = "[CP] Embed Pods Frameworks";
			outputPaths = (
			);
			runOnlyForDeploymentPostprocessing = 0;
			shellPath = /bin/sh;
			shellScript = "\"${SRCROOT}/Pods/Target Support Files/Pods-FitSquadUITests/Pods-FitSquadUITests-frameworks.sh\"\n";
			showEnvVarsInLog = 0;
		};
		5FE756B557496230E7856B79 /* [CP] Check Pods Manifest.lock */ = {
			isa = PBXShellScriptBuildPhase;
			buildActionMask = 2147483647;
			files = (
			);
			inputPaths = (
			);
			name = "[CP] Check Pods Manifest.lock";
			outputPaths = (
			);
			runOnlyForDeploymentPostprocessing = 0;
			shellPath = /bin/sh;
			shellScript = "diff \"${PODS_ROOT}/../Podfile.lock\" \"${PODS_ROOT}/Manifest.lock\" > /dev/null\nif [ $? != 0 ] ; then\n    # print error to STDERR\n    echo \"error: The sandbox is not in sync with the Podfile.lock. Run 'pod install' or update your CocoaPods installation.\" >&2\n    exit 1\nfi\n";
			showEnvVarsInLog = 0;
		};
		66FCD917F410EEF649CB7694 /* [CP] Embed Pods Frameworks */ = {
			isa = PBXShellScriptBuildPhase;
			buildActionMask = 2147483647;
			files = (
			);
			inputPaths = (
			);
			name = "[CP] Embed Pods Frameworks";
			outputPaths = (
			);
			runOnlyForDeploymentPostprocessing = 0;
			shellPath = /bin/sh;
			shellScript = "\"${SRCROOT}/Pods/Target Support Files/Pods-FitSquadTests/Pods-FitSquadTests-frameworks.sh\"\n";
			showEnvVarsInLog = 0;
		};
		7487876253B48C93D1F41AD3 /* [CP] Check Pods Manifest.lock */ = {
			isa = PBXShellScriptBuildPhase;
			buildActionMask = 2147483647;
			files = (
			);
			inputPaths = (
			);
			name = "[CP] Check Pods Manifest.lock";
			outputPaths = (
			);
			runOnlyForDeploymentPostprocessing = 0;
			shellPath = /bin/sh;
			shellScript = "diff \"${PODS_ROOT}/../Podfile.lock\" \"${PODS_ROOT}/Manifest.lock\" > /dev/null\nif [ $? != 0 ] ; then\n    # print error to STDERR\n    echo \"error: The sandbox is not in sync with the Podfile.lock. Run 'pod install' or update your CocoaPods installation.\" >&2\n    exit 1\nfi\n";
			showEnvVarsInLog = 0;
		};
		93C530813C2CE8FD18A97C06 /* [CP] Copy Pods Resources */ = {
			isa = PBXShellScriptBuildPhase;
			buildActionMask = 2147483647;
			files = (
			);
			inputPaths = (
			);
			name = "[CP] Copy Pods Resources";
			outputPaths = (
			);
			runOnlyForDeploymentPostprocessing = 0;
			shellPath = /bin/sh;
			shellScript = "\"${SRCROOT}/Pods/Target Support Files/Pods-FitSquad/Pods-FitSquad-resources.sh\"\n";
			showEnvVarsInLog = 0;
		};
		C66B63A627CAF6671CB84747 /* [CP] Copy Pods Resources */ = {
			isa = PBXShellScriptBuildPhase;
			buildActionMask = 2147483647;
			files = (
			);
			inputPaths = (
			);
			name = "[CP] Copy Pods Resources";
			outputPaths = (
			);
			runOnlyForDeploymentPostprocessing = 0;
			shellPath = /bin/sh;
			shellScript = "\"${SRCROOT}/Pods/Target Support Files/Pods-FitSquadUITests/Pods-FitSquadUITests-resources.sh\"\n";
			showEnvVarsInLog = 0;
		};
/* End PBXShellScriptBuildPhase section */

/* Begin PBXSourcesBuildPhase section */
		CD3220411E354C1800CFB952 /* Sources */ = {
			isa = PBXSourcesBuildPhase;
			buildActionMask = 2147483647;
			files = (
				CD74D8CD1E6FAA7E000E448F /* PickTeamTableViewController.swift in Sources */,
				CD32204B1E354C1800CFB952 /* HomeViewController.swift in Sources */,
				CD3220491E354C1800CFB952 /* AppDelegate.swift in Sources */,
				CD5711721E6B6333000DE7F1 /* ProfileViewController.swift in Sources */,
				CD74D8CF1E70095F000E448F /* FriendTableViewCell.swift in Sources */,
				0208F7CE1E6F3DE2009FB2A4 /* TeamMemberTableViewController.swift in Sources */,
				CD1079FB1E6CFBFC000A0394 /* LoginViewController.swift in Sources */,
				0208F7D21E6F8C77009FB2A4 /* CompetitionTableViewController.swift in Sources */,
				0208F7C81E6F2CF9009FB2A4 /* TeamMemberTableViewCell.swift in Sources */,
				CD5711701E6B6318000DE7F1 /* CameraViewController.swift in Sources */,
				0208F7D41E7021BD009FB2A4 /* TeamNameViewController.swift in Sources */,
				0208F7D01E6F4101009FB2A4 /* Member.swift in Sources */,
			);
			runOnlyForDeploymentPostprocessing = 0;
		};
		CD3220551E354C1800CFB952 /* Sources */ = {
			isa = PBXSourcesBuildPhase;
			buildActionMask = 2147483647;
			files = (
				CD32205E1E354C1800CFB952 /* FitSquadTests.swift in Sources */,
			);
			runOnlyForDeploymentPostprocessing = 0;
		};
		CD3220601E354C1800CFB952 /* Sources */ = {
			isa = PBXSourcesBuildPhase;
			buildActionMask = 2147483647;
			files = (
				CD3220691E354C1800CFB952 /* FitSquadUITests.swift in Sources */,
			);
			runOnlyForDeploymentPostprocessing = 0;
		};
/* End PBXSourcesBuildPhase section */

/* Begin PBXTargetDependency section */
		CD32205B1E354C1800CFB952 /* PBXTargetDependency */ = {
			isa = PBXTargetDependency;
			target = CD3220441E354C1800CFB952 /* FitSquad */;
			targetProxy = CD32205A1E354C1800CFB952 /* PBXContainerItemProxy */;
		};
		CD3220661E354C1800CFB952 /* PBXTargetDependency */ = {
			isa = PBXTargetDependency;
			target = CD3220441E354C1800CFB952 /* FitSquad */;
			targetProxy = CD3220651E354C1800CFB952 /* PBXContainerItemProxy */;
		};
/* End PBXTargetDependency section */

/* Begin PBXVariantGroup section */
		CD32204C1E354C1800CFB952 /* Main.storyboard */ = {
			isa = PBXVariantGroup;
			children = (
				CD32204D1E354C1800CFB952 /* Base */,
			);
			name = Main.storyboard;
			sourceTree = "<group>";
		};
		CD3220511E354C1800CFB952 /* LaunchScreen.storyboard */ = {
			isa = PBXVariantGroup;
			children = (
				CD3220521E354C1800CFB952 /* Base */,
			);
			name = LaunchScreen.storyboard;
			sourceTree = "<group>";
		};
/* End PBXVariantGroup section */

/* Begin XCBuildConfiguration section */
		CD32206B1E354C1800CFB952 /* Debug */ = {
			isa = XCBuildConfiguration;
			buildSettings = {
				ALWAYS_SEARCH_USER_PATHS = NO;
				CLANG_ANALYZER_NONNULL = YES;
				CLANG_CXX_LANGUAGE_STANDARD = "gnu++0x";
				CLANG_CXX_LIBRARY = "libc++";
				CLANG_ENABLE_MODULES = YES;
				CLANG_ENABLE_OBJC_ARC = YES;
				CLANG_WARN_BOOL_CONVERSION = YES;
				CLANG_WARN_CONSTANT_CONVERSION = YES;
				CLANG_WARN_DIRECT_OBJC_ISA_USAGE = YES_ERROR;
				CLANG_WARN_DOCUMENTATION_COMMENTS = YES;
				CLANG_WARN_EMPTY_BODY = YES;
				CLANG_WARN_ENUM_CONVERSION = YES;
				CLANG_WARN_INFINITE_RECURSION = YES;
				CLANG_WARN_INT_CONVERSION = YES;
				CLANG_WARN_OBJC_ROOT_CLASS = YES_ERROR;
				CLANG_WARN_SUSPICIOUS_MOVE = YES;
				CLANG_WARN_UNREACHABLE_CODE = YES;
				CLANG_WARN__DUPLICATE_METHOD_MATCH = YES;
				"CODE_SIGN_IDENTITY[sdk=iphoneos*]" = "iPhone Developer";
				COPY_PHASE_STRIP = NO;
				DEBUG_INFORMATION_FORMAT = dwarf;
				ENABLE_STRICT_OBJC_MSGSEND = YES;
				ENABLE_TESTABILITY = YES;
				GCC_C_LANGUAGE_STANDARD = gnu99;
				GCC_DYNAMIC_NO_PIC = NO;
				GCC_NO_COMMON_BLOCKS = YES;
				GCC_OPTIMIZATION_LEVEL = 0;
				GCC_PREPROCESSOR_DEFINITIONS = (
					"DEBUG=1",
					"$(inherited)",
				);
				GCC_WARN_64_TO_32_BIT_CONVERSION = YES;
				GCC_WARN_ABOUT_RETURN_TYPE = YES_ERROR;
				GCC_WARN_UNDECLARED_SELECTOR = YES;
				GCC_WARN_UNINITIALIZED_AUTOS = YES_AGGRESSIVE;
				GCC_WARN_UNUSED_FUNCTION = YES;
				GCC_WARN_UNUSED_VARIABLE = YES;
				IPHONEOS_DEPLOYMENT_TARGET = 10.2;
				MTL_ENABLE_DEBUG_INFO = YES;
				ONLY_ACTIVE_ARCH = YES;
				SDKROOT = iphoneos;
				SWIFT_ACTIVE_COMPILATION_CONDITIONS = DEBUG;
				SWIFT_OPTIMIZATION_LEVEL = "-Onone";
				TARGETED_DEVICE_FAMILY = "1,2";
			};
			name = Debug;
		};
		CD32206C1E354C1800CFB952 /* Release */ = {
			isa = XCBuildConfiguration;
			buildSettings = {
				ALWAYS_SEARCH_USER_PATHS = NO;
				CLANG_ANALYZER_NONNULL = YES;
				CLANG_CXX_LANGUAGE_STANDARD = "gnu++0x";
				CLANG_CXX_LIBRARY = "libc++";
				CLANG_ENABLE_MODULES = YES;
				CLANG_ENABLE_OBJC_ARC = YES;
				CLANG_WARN_BOOL_CONVERSION = YES;
				CLANG_WARN_CONSTANT_CONVERSION = YES;
				CLANG_WARN_DIRECT_OBJC_ISA_USAGE = YES_ERROR;
				CLANG_WARN_DOCUMENTATION_COMMENTS = YES;
				CLANG_WARN_EMPTY_BODY = YES;
				CLANG_WARN_ENUM_CONVERSION = YES;
				CLANG_WARN_INFINITE_RECURSION = YES;
				CLANG_WARN_INT_CONVERSION = YES;
				CLANG_WARN_OBJC_ROOT_CLASS = YES_ERROR;
				CLANG_WARN_SUSPICIOUS_MOVE = YES;
				CLANG_WARN_UNREACHABLE_CODE = YES;
				CLANG_WARN__DUPLICATE_METHOD_MATCH = YES;
				"CODE_SIGN_IDENTITY[sdk=iphoneos*]" = "iPhone Developer";
				COPY_PHASE_STRIP = NO;
				DEBUG_INFORMATION_FORMAT = "dwarf-with-dsym";
				ENABLE_NS_ASSERTIONS = NO;
				ENABLE_STRICT_OBJC_MSGSEND = YES;
				GCC_C_LANGUAGE_STANDARD = gnu99;
				GCC_NO_COMMON_BLOCKS = YES;
				GCC_WARN_64_TO_32_BIT_CONVERSION = YES;
				GCC_WARN_ABOUT_RETURN_TYPE = YES_ERROR;
				GCC_WARN_UNDECLARED_SELECTOR = YES;
				GCC_WARN_UNINITIALIZED_AUTOS = YES_AGGRESSIVE;
				GCC_WARN_UNUSED_FUNCTION = YES;
				GCC_WARN_UNUSED_VARIABLE = YES;
				IPHONEOS_DEPLOYMENT_TARGET = 10.2;
				MTL_ENABLE_DEBUG_INFO = NO;
				SDKROOT = iphoneos;
				SWIFT_OPTIMIZATION_LEVEL = "-Owholemodule";
				TARGETED_DEVICE_FAMILY = "1,2";
				VALIDATE_PRODUCT = YES;
			};
			name = Release;
		};
		CD32206E1E354C1800CFB952 /* Debug */ = {
			isa = XCBuildConfiguration;
			baseConfigurationReference = 2491068E45530A99A38A1DD7 /* Pods-FitSquad.debug.xcconfig */;
			buildSettings = {
				ASSETCATALOG_COMPILER_APPICON_NAME = AppIcon;
				CODE_SIGN_ENTITLEMENTS = FitSquad/FitSquad.entitlements;
				DEVELOPMENT_TEAM = K5V84SLLJ7;
				FRAMEWORK_SEARCH_PATHS = (
					"$(inherited)",
					"$(PROJECT_DIR)",
				);
				INFOPLIST_FILE = FitSquad/Info.plist;
				IPHONEOS_DEPLOYMENT_TARGET = 9.3;
				LD_RUNPATH_SEARCH_PATHS = "$(inherited) @executable_path/Frameworks";
				PRODUCT_BUNDLE_IDENTIFIER = FitSquad.dogdogdog;
				PRODUCT_NAME = "$(TARGET_NAME)";
				SWIFT_VERSION = 3.0;
			};
			name = Debug;
		};
		CD32206F1E354C1800CFB952 /* Release */ = {
			isa = XCBuildConfiguration;
			baseConfigurationReference = FB2EE4A283D551CBCB021844 /* Pods-FitSquad.release.xcconfig */;
			buildSettings = {
				ASSETCATALOG_COMPILER_APPICON_NAME = AppIcon;
				CODE_SIGN_ENTITLEMENTS = FitSquad/FitSquad.entitlements;
				DEVELOPMENT_TEAM = K5V84SLLJ7;
				FRAMEWORK_SEARCH_PATHS = (
					"$(inherited)",
					"$(PROJECT_DIR)",
				);
				INFOPLIST_FILE = FitSquad/Info.plist;
				IPHONEOS_DEPLOYMENT_TARGET = 9.3;
				LD_RUNPATH_SEARCH_PATHS = "$(inherited) @executable_path/Frameworks";
				PRODUCT_BUNDLE_IDENTIFIER = FitSquad.dogdogdog;
				PRODUCT_NAME = "$(TARGET_NAME)";
				SWIFT_VERSION = 3.0;
			};
			name = Release;
		};
		CD3220711E354C1800CFB952 /* Debug */ = {
			isa = XCBuildConfiguration;
			baseConfigurationReference = 7ECA2EF030B5FB9D51E25A5A /* Pods-FitSquadTests.debug.xcconfig */;
			buildSettings = {
				ALWAYS_EMBED_SWIFT_STANDARD_LIBRARIES = YES;
				BUNDLE_LOADER = "$(TEST_HOST)";
				INFOPLIST_FILE = FitSquadTests/Info.plist;
				LD_RUNPATH_SEARCH_PATHS = "$(inherited) @executable_path/Frameworks @loader_path/Frameworks";
				PRODUCT_BUNDLE_IDENTIFIER = com.dogdogdog.FitSquadTests;
				PRODUCT_NAME = "$(TARGET_NAME)";
				SWIFT_VERSION = 3.0;
				TEST_HOST = "$(BUILT_PRODUCTS_DIR)/FitSquad.app/FitSquad";
			};
			name = Debug;
		};
		CD3220721E354C1800CFB952 /* Release */ = {
			isa = XCBuildConfiguration;
			baseConfigurationReference = 79D247AFB310B9139D095A48 /* Pods-FitSquadTests.release.xcconfig */;
			buildSettings = {
				ALWAYS_EMBED_SWIFT_STANDARD_LIBRARIES = YES;
				BUNDLE_LOADER = "$(TEST_HOST)";
				INFOPLIST_FILE = FitSquadTests/Info.plist;
				LD_RUNPATH_SEARCH_PATHS = "$(inherited) @executable_path/Frameworks @loader_path/Frameworks";
				PRODUCT_BUNDLE_IDENTIFIER = com.dogdogdog.FitSquadTests;
				PRODUCT_NAME = "$(TARGET_NAME)";
				SWIFT_VERSION = 3.0;
				TEST_HOST = "$(BUILT_PRODUCTS_DIR)/FitSquad.app/FitSquad";
			};
			name = Release;
		};
		CD3220741E354C1800CFB952 /* Debug */ = {
			isa = XCBuildConfiguration;
			baseConfigurationReference = 6835865E4B34329A35820075 /* Pods-FitSquadUITests.debug.xcconfig */;
			buildSettings = {
				ALWAYS_EMBED_SWIFT_STANDARD_LIBRARIES = YES;
				INFOPLIST_FILE = FitSquadUITests/Info.plist;
				LD_RUNPATH_SEARCH_PATHS = "$(inherited) @executable_path/Frameworks @loader_path/Frameworks";
				PRODUCT_BUNDLE_IDENTIFIER = com.dogdogdog.FitSquadUITests;
				PRODUCT_NAME = "$(TARGET_NAME)";
				SWIFT_VERSION = 3.0;
				TEST_TARGET_NAME = FitSquad;
			};
			name = Debug;
		};
		CD3220751E354C1800CFB952 /* Release */ = {
			isa = XCBuildConfiguration;
			baseConfigurationReference = B9547A972FD8AFCAC0C48F8A /* Pods-FitSquadUITests.release.xcconfig */;
			buildSettings = {
				ALWAYS_EMBED_SWIFT_STANDARD_LIBRARIES = YES;
				INFOPLIST_FILE = FitSquadUITests/Info.plist;
				LD_RUNPATH_SEARCH_PATHS = "$(inherited) @executable_path/Frameworks @loader_path/Frameworks";
				PRODUCT_BUNDLE_IDENTIFIER = com.dogdogdog.FitSquadUITests;
				PRODUCT_NAME = "$(TARGET_NAME)";
				SWIFT_VERSION = 3.0;
				TEST_TARGET_NAME = FitSquad;
			};
			name = Release;
		};
/* End XCBuildConfiguration section */

/* Begin XCConfigurationList section */
		CD3220401E354C1800CFB952 /* Build configuration list for PBXProject "FitSquad" */ = {
			isa = XCConfigurationList;
			buildConfigurations = (
				CD32206B1E354C1800CFB952 /* Debug */,
				CD32206C1E354C1800CFB952 /* Release */,
			);
			defaultConfigurationIsVisible = 0;
			defaultConfigurationName = Release;
		};
		CD32206D1E354C1800CFB952 /* Build configuration list for PBXNativeTarget "FitSquad" */ = {
			isa = XCConfigurationList;
			buildConfigurations = (
				CD32206E1E354C1800CFB952 /* Debug */,
				CD32206F1E354C1800CFB952 /* Release */,
			);
			defaultConfigurationIsVisible = 0;
			defaultConfigurationName = Release;
		};
		CD3220701E354C1800CFB952 /* Build configuration list for PBXNativeTarget "FitSquadTests" */ = {
			isa = XCConfigurationList;
			buildConfigurations = (
				CD3220711E354C1800CFB952 /* Debug */,
				CD3220721E354C1800CFB952 /* Release */,
			);
			defaultConfigurationIsVisible = 0;
			defaultConfigurationName = Release;
		};
		CD3220731E354C1800CFB952 /* Build configuration list for PBXNativeTarget "FitSquadUITests" */ = {
			isa = XCConfigurationList;
			buildConfigurations = (
				CD3220741E354C1800CFB952 /* Debug */,
				CD3220751E354C1800CFB952 /* Release */,
			);
			defaultConfigurationIsVisible = 0;
			defaultConfigurationName = Release;
		};
/* End XCConfigurationList section */
	};
	rootObject = CD32203D1E354C1800CFB952 /* Project object */;
}
